# THIS IS AN AUTOGENERATED FILE. DO NOT EDIT THIS FILE DIRECTLY.
# yarn lockfile v1


core-js@^3.14.0:
  version "3.14.0"
  resolved "https://registry.yarnpkg.com/core-js/-/core-js-3.14.0.tgz#62322b98c71cc2018b027971a69419e2425c2a6c"
  integrity sha512-3s+ed8er9ahK+zJpp9ZtuVcDoFzHNiZsPbNAAE4KXgrRHbjSqqNN6xGSXq6bq7TZIbKj4NLrLb6bJ5i+vSVjHA==

regenerator-runtime@^0.13.7:
  version "0.13.7"
  resolved "https://registry.yarnpkg.com/regenerator-runtime/-/regenerator-runtime-0.13.7.tgz#cac2dacc8a1ea675feaabaeb8ae833898ae46f55"
  integrity sha512-a54FxoJDIr27pgf7IgeQGxmqUNYrcV338lf/6gH456HZ/PhX+5BcwHXG9ajESmwe6WRO0tAzRUrRmNONWgkrew==
